
Microsoft Visual Studio Solution File, Format Version 12.00
Project("{FAE04EC0-301F-11D3-BF4B-00C04F79EFBC}") = "Labirinto_SO", "Labirinto_SO\Labirinto_SO.csproj", "{89642CEA-B2A3-40FA-9DBA-766DB37A5003}"
EndProject
Global
	GlobalSection(SolutionConfigurationPlatforms) = preSolution
		Debug|Any CPU = Debug|Any CPU
		Release|Any CPU = Release|Any CPU
	EndGlobalSection
	GlobalSection(ProjectConfigurationPlatforms) = postSolution
		{89642CEA-B2A3-40FA-9DBA-766DB37A5003}.Debug|Any CPU.ActiveCfg = Debug|Any CPU
		{89642CEA-B2A3-40FA-9DBA-766DB37A5003}.Debug|Any CPU.Build.0 = Debug|Any CPU
		{89642CEA-B2A3-40FA-9DBA-766DB37A5003}.Release|Any CPU.ActiveCfg = Release|Any CPU
		{89642CEA-B2A3-40FA-9DBA-766DB37A5003}.Release|Any CPU.Build.0 = Release|Any CPU
	EndGlobalSection
EndGlobal
